
Microsoft Visual Studio Solution File, Format Version 12.00
# Visual Studio Version 17
VisualStudioVersion = 17.6.33801.468
MinimumVisualStudioVersion = 10.0.40219.1
Project("{9A19103F-16F7-4668-BE54-9A1E7A4F7556}") = "InterfaceSegregation", "InterfaceSegregation.csproj", "{6B8F9FED-824D-4E17-9270-633A9EFE013B}"
EndProject
Global
	GlobalSection(SolutionConfigurationPlatforms) = preSolution
		Debug|Any CPU = Debug|Any CPU
		Release|Any CPU = Release|Any CPU
	EndGlobalSection
	GlobalSection(ProjectConfigurationPlatforms) = postSolution
		{6B8F9FED-824D-4E17-9270-633A9EFE013B}.Debug|Any CPU.ActiveCfg = Debug|Any CPU
		{6B8F9FED-824D-4E17-9270-633A9EFE013B}.Debug|Any CPU.Build.0 = Debug|Any CPU
		{6B8F9FED-824D-4E17-9270-633A9EFE013B}.Release|Any CPU.ActiveCfg = Release|Any CPU
		{6B8F9FED-824D-4E17-9270-633A9EFE013B}.Release|Any CPU.Build.0 = Release|Any CPU
	EndGlobalSection
	GlobalSection(SolutionProperties) = preSolution
		HideSolutionNode = FALSE
	EndGlobalSection
	GlobalSection(ExtensibilityGlobals) = postSolution
		SolutionGuid = {28DBEB2E-C5F1-4BDA-BE70-384D9F598D17}
	EndGlobalSection
EndGlobal
